{
  "name": "bear-template-daily-log",
  "version": "0.0.1",
  "lockfileVersion": 1,
  "requires": true,
  "dependencies": {
    "date-and-time": {
      "version": "0.11.1",
      "resolved": "https://registry.npmjs.org/date-and-time/-/date-and-time-0.11.1.tgz",
      "integrity": "sha512-+1JkWME+UWRpCfvE1T0Vfbw629Ego0IcfHH0qtP4KhAXs7IJT2qsg1hNePqZhyD8Wby46HlW393lSL5PZSzDsA=="
    }
  }
}
