{
  "name": "bear-template-daily-log",
  "version": "0.0.1",
  "lockfileVersion": 1,
  "requires": true,
  "dependencies": {
    "date-and-time": {
      "version": "0.14.2",
      "resolved": "https://registry.npmjs.org/date-and-time/-/date-and-time-0.14.2.tgz",
      "integrity": "sha512-EFTCh9zRSEpGPmJaexg7HTuzZHh6cnJj1ui7IGCFNXzd2QdpsNh05Db5TF3xzJm30YN+A8/6xHSuRcQqoc3kFA=="
    }
  }
}
